dependencies:
- name: postgresql
  repository: https://charts.bitnami.com/bitnami
  version: 9.8.12
- name: prometheus-postgres-exporter
  repository: https://prometheus-community.github.io/helm-charts
  version: 1.6.0
digest: sha256:21f415ca40a182f4419c4194c227347fbf5bc89852a22721ebff18bd0101d852
generated: "2021-01-12T17:13:04.367953+03:00"
